
Microsoft Visual Studio Solution File, Format Version 12.00
# Visual Studio Version 17
VisualStudioVersion = 17.14.36310.24 d17.14
MinimumVisualStudioVersion = 10.0.40219.1
Project("{FAE04EC0-301F-11D3-BF4B-00C04F79EFBC}") = "MATRIZ", "ex1\MATRIZ.csproj", "{EB4203E6-CC3D-4B87-AC00-0561BE9E7C89}"
EndProject
Global
	GlobalSection(SolutionConfigurationPlatforms) = preSolution
		Debug|Any CPU = Debug|Any CPU
		Release|Any CPU = Release|Any CPU
	EndGlobalSection
	GlobalSection(ProjectConfigurationPlatforms) = postSolution
		{EB4203E6-CC3D-4B87-AC00-0561BE9E7C89}.Debug|Any CPU.ActiveCfg = Debug|Any CPU
		{EB4203E6-CC3D-4B87-AC00-0561BE9E7C89}.Debug|Any CPU.Build.0 = Debug|Any CPU
		{EB4203E6-CC3D-4B87-AC00-0561BE9E7C89}.Release|Any CPU.ActiveCfg = Release|Any CPU
		{EB4203E6-CC3D-4B87-AC00-0561BE9E7C89}.Release|Any CPU.Build.0 = Release|Any CPU
	EndGlobalSection
	GlobalSection(SolutionProperties) = preSolution
		HideSolutionNode = FALSE
	EndGlobalSection
	GlobalSection(ExtensibilityGlobals) = postSolution
		SolutionGuid = {91BC7CBC-5D30-4326-B4FD-E67737BF5265}
	EndGlobalSection
EndGlobal
